
Microsoft Visual Studio Solution File, Format Version 12.00
# Visual Studio Version 17
VisualStudioVersion = 17.5.002.0
MinimumVisualStudioVersion = 10.0.40219.1
Project("{9A19103F-16F7-4668-BE54-9A1E7A4F7556}") = "imc", "imc\imc.csproj", "{6172C187-3D60-4E23-9162-6434864C04CE}"
EndProject
Global
	GlobalSection(SolutionConfigurationPlatforms) = preSolution
		Debug|Any CPU = Debug|Any CPU
		Release|Any CPU = Release|Any CPU
	EndGlobalSection
	GlobalSection(ProjectConfigurationPlatforms) = postSolution
		{6172C187-3D60-4E23-9162-6434864C04CE}.Debug|Any CPU.ActiveCfg = Debug|Any CPU
		{6172C187-3D60-4E23-9162-6434864C04CE}.Debug|Any CPU.Build.0 = Debug|Any CPU
		{6172C187-3D60-4E23-9162-6434864C04CE}.Release|Any CPU.ActiveCfg = Release|Any CPU
		{6172C187-3D60-4E23-9162-6434864C04CE}.Release|Any CPU.Build.0 = Release|Any CPU
	EndGlobalSection
	GlobalSection(SolutionProperties) = preSolution
		HideSolutionNode = FALSE
	EndGlobalSection
	GlobalSection(ExtensibilityGlobals) = postSolution
		SolutionGuid = {2BE03D6D-422F-444B-A917-27126F8364B7}
	EndGlobalSection
EndGlobal
